
Microsoft Visual Studio Solution File, Format Version 12.00
# Visual Studio Version 17
VisualStudioVersion = 17.4.33213.308
MinimumVisualStudioVersion = 10.0.40219.1
Project("{FAE04EC0-301F-11D3-BF4B-00C04F79EFBC}") = "ISP", "ISP.csproj", "{AC11132D-16A0-4EA9-8D93-3DFF4D8E3E43}"
EndProject
Global
	GlobalSection(SolutionConfigurationPlatforms) = preSolution
		Debug|Any CPU = Debug|Any CPU
		Release|Any CPU = Release|Any CPU
	EndGlobalSection
	GlobalSection(ProjectConfigurationPlatforms) = postSolution
		{AC11132D-16A0-4EA9-8D93-3DFF4D8E3E43}.Debug|Any CPU.ActiveCfg = Debug|Any CPU
		{AC11132D-16A0-4EA9-8D93-3DFF4D8E3E43}.Debug|Any CPU.Build.0 = Debug|Any CPU
		{AC11132D-16A0-4EA9-8D93-3DFF4D8E3E43}.Release|Any CPU.ActiveCfg = Release|Any CPU
		{AC11132D-16A0-4EA9-8D93-3DFF4D8E3E43}.Release|Any CPU.Build.0 = Release|Any CPU
	EndGlobalSection
	GlobalSection(SolutionProperties) = preSolution
		HideSolutionNode = FALSE
	EndGlobalSection
	GlobalSection(ExtensibilityGlobals) = postSolution
		SolutionGuid = {51DA6B19-80A2-4C28-93F4-2E96B13ECC9C}
	EndGlobalSection
EndGlobal
